
Microsoft Visual Studio Solution File, Format Version 12.00
# Visual Studio Version 16
VisualStudioVersion = 16.0.30621.155
MinimumVisualStudioVersion = 10.0.40219.1
Project("{FAE04EC0-301F-11D3-BF4B-00C04F79EFBC}") = "Catalog", "Catalog\Catalog.csproj", "{CC8DDF28-B894-4ED8-830D-E7C9333F419B}"
EndProject
Global
	GlobalSection(SolutionConfigurationPlatforms) = preSolution
		Debug|Any CPU = Debug|Any CPU
		Release|Any CPU = Release|Any CPU
	EndGlobalSection
	GlobalSection(ProjectConfigurationPlatforms) = postSolution
		{CC8DDF28-B894-4ED8-830D-E7C9333F419B}.Debug|Any CPU.ActiveCfg = Debug|Any CPU
		{CC8DDF28-B894-4ED8-830D-E7C9333F419B}.Debug|Any CPU.Build.0 = Debug|Any CPU
		{CC8DDF28-B894-4ED8-830D-E7C9333F419B}.Release|Any CPU.ActiveCfg = Release|Any CPU
		{CC8DDF28-B894-4ED8-830D-E7C9333F419B}.Release|Any CPU.Build.0 = Release|Any CPU
	EndGlobalSection
	GlobalSection(SolutionProperties) = preSolution
		HideSolutionNode = FALSE
	EndGlobalSection
	GlobalSection(ExtensibilityGlobals) = postSolution
		SolutionGuid = {89DDBFFD-14C4-4512-B30D-141C53E9B926}
	EndGlobalSection
EndGlobal
